// !$*UTF8*$!
{
	archiveVersion = 1;
	classes = {
	};
	objectVersion = 56;
	objects = {

/* Begin PBXBuildFile section */
		4734473A2948E6C300776BC1 /* CityADSPortalApp.swift in Sources */ = {isa = PBXBuildFile; fileRef = 473447392948E6C300776BC1 /* CityADSPortalApp.swift */; };
		4734473C2948E6C300776BC1 /* ContentView.swift in Sources */ = {isa = PBXBuildFile; fileRef = 4734473B2948E6C300776BC1 /* ContentView.swift */; };
		4734473E2948E6C400776BC1 /* Assets.xcassets in Resources */ = {isa = PBXBuildFile; fileRef = 4734473D2948E6C400776BC1 /* Assets.xcassets */; };
		473447412948E6C400776BC1 /* Preview Assets.xcassets in Resources */ = {isa = PBXBuildFile; fileRef = 473447402948E6C400776BC1 /* Preview Assets.xcassets */; };
		473447492948E75A00776BC1 /* LoginScreen.swift in Sources */ = {isa = PBXBuildFile; fileRef = 473447482948E75A00776BC1 /* LoginScreen.swift */; };
		4734474B2948E77500776BC1 /* EmployeesScreen.swift in Sources */ = {isa = PBXBuildFile; fileRef = 4734474A2948E77500776BC1 /* EmployeesScreen.swift */; };
		4734474D2948E7B100776BC1 /* EmployeeCardScreen.swift in Sources */ = {isa = PBXBuildFile; fileRef = 4734474C2948E7B100776BC1 /* EmployeeCardScreen.swift */; };
		4734475129548A2E00776BC1 /* Network.swift in Sources */ = {isa = PBXBuildFile; fileRef = 4734475029548A2E00776BC1 /* Network.swift */; };
		473447542958B35B00776BC1 /* MainScreen.swift in Sources */ = {isa = PBXBuildFile; fileRef = 473447532958B35B00776BC1 /* MainScreen.swift */; };
/* End PBXBuildFile section */

/* Begin PBXFileReference section */
		473447362948E6C300776BC1 /* CityADSPortal.app */ = {isa = PBXFileReference; explicitFileType = wrapper.application; includeInIndex = 0; path = CityADSPortal.app; sourceTree = BUILT_PRODUCTS_DIR; };
		473447392948E6C300776BC1 /* CityADSPortalApp.swift */ = {isa = PBXFileReference; lastKnownFileType = sourcecode.swift; path = CityADSPortalApp.swift; sourceTree = "<group>"; };
		4734473B2948E6C300776BC1 /* ContentView.swift */ = {isa = PBXFileReference; lastKnownFileType = sourcecode.swift; path = ContentView.swift; sourceTree = "<group>"; };
		4734473D2948E6C400776BC1 /* Assets.xcassets */ = {isa = PBXFileReference; lastKnownFileType = folder.assetcatalog; path = Assets.xcassets; sourceTree = "<group>"; };
		473447402948E6C400776BC1 /* Preview Assets.xcassets */ = {isa = PBXFileReference; lastKnownFileType = folder.assetcatalog; path = "Preview Assets.xcassets"; sourceTree = "<group>"; };
		473447482948E75A00776BC1 /* LoginScreen.swift */ = {isa = PBXFileReference; lastKnownFileType = sourcecode.swift; path = LoginScreen.swift; sourceTree = "<group>"; };
		4734474A2948E77500776BC1 /* EmployeesScreen.swift */ = {isa = PBXFileReference; lastKnownFileType = sourcecode.swift; path = EmployeesScreen.swift; sourceTree = "<group>"; };
		4734474C2948E7B100776BC1 /* EmployeeCardScreen.swift */ = {isa = PBXFileReference; lastKnownFileType = sourcecode.swift; path = EmployeeCardScreen.swift; sourceTree = "<group>"; };
		4734475029548A2E00776BC1 /* Network.swift */ = {isa = PBXFileReference; lastKnownFileType = sourcecode.swift; path = Network.swift; sourceTree = "<group>"; };
		473447532958B35B00776BC1 /* MainScreen.swift */ = {isa = PBXFileReference; lastKnownFileType = sourcecode.swift; path = MainScreen.swift; sourceTree = "<group>"; };
/* End PBXFileReference section */

/* Begin PBXFrameworksBuildPhase section */
		473447332948E6C300776BC1 /* Frameworks */ = {
			isa = PBXFrameworksBuildPhase;
			buildActionMask = 2147483647;
			files = (
			);
			runOnlyForDeploymentPostprocessing = 0;
		};
/* End PBXFrameworksBuildPhase section */

/* Begin PBXGroup section */
		4734472D2948E6C300776BC1 = {
			isa = PBXGroup;
			children = (
				473447382948E6C300776BC1 /* CityADSPortal */,
				473447372948E6C300776BC1 /* Products */,
			);
			sourceTree = "<group>";
		};
		473447372948E6C300776BC1 /* Products */ = {
			isa = PBXGroup;
			children = (
				473447362948E6C300776BC1 /* CityADSPortal.app */,
			);
			name = Products;
			sourceTree = "<group>";
		};
		473447382948E6C300776BC1 /* CityADSPortal */ = {
			isa = PBXGroup;
			children = (
				4734474F2948E83600776BC1 /* Moduls */,
				4734474E2948E7E700776BC1 /* Models */,
				473447472948E72C00776BC1 /* Screens */,
				473447392948E6C300776BC1 /* CityADSPortalApp.swift */,
				4734473B2948E6C300776BC1 /* ContentView.swift */,
				4734473D2948E6C400776BC1 /* Assets.xcassets */,
				4734473F2948E6C400776BC1 /* Preview Content */,
			);
			path = CityADSPortal;
			sourceTree = "<group>";
		};
		4734473F2948E6C400776BC1 /* Preview Content */ = {
			isa = PBXGroup;
			children = (
				473447402948E6C400776BC1 /* Preview Assets.xcassets */,
			);
			path = "Preview Content";
			sourceTree = "<group>";
		};
		473447472948E72C00776BC1 /* Screens */ = {
			isa = PBXGroup;
			children = (
				473447532958B35B00776BC1 /* MainScreen.swift */,
				473447482948E75A00776BC1 /* LoginScreen.swift */,
				4734474A2948E77500776BC1 /* EmployeesScreen.swift */,
				4734474C2948E7B100776BC1 /* EmployeeCardScreen.swift */,
			);
			path = Screens;
			sourceTree = "<group>";
		};
		4734474E2948E7E700776BC1 /* Models */ = {
			isa = PBXGroup;
			children = (
			);
			path = Models;
			sourceTree = "<group>";
		};
		4734474F2948E83600776BC1 /* Moduls */ = {
			isa = PBXGroup;
			children = (
				4734475029548A2E00776BC1 /* Network.swift */,
			);
			path = Moduls;
			sourceTree = "<group>";
		};
/* End PBXGroup section */

/* Begin PBXNativeTarget section */
		473447352948E6C300776BC1 /* CityADSPortal */ = {
			isa = PBXNativeTarget;
			buildConfigurationList = 473447442948E6C400776BC1 /* Build configuration list for PBXNativeTarget "CityADSPortal" */;
			buildPhases = (
				473447322948E6C300776BC1 /* Sources */,
				473447332948E6C300776BC1 /* Frameworks */,
				473447342948E6C300776BC1 /* Resources */,
			);
			buildRules = (
			);
			dependencies = (
			);
			name = CityADSPortal;
			productName = CityADSPortal;
			productReference = 473447362948E6C300776BC1 /* CityADSPortal.app */;
			productType = "com.apple.product-type.application";
		};
/* End PBXNativeTarget section */

/* Begin PBXProject section */
		4734472E2948E6C300776BC1 /* Project object */ = {
			isa = PBXProject;
			attributes = {
				BuildIndependentTargetsInParallel = 1;
				LastSwiftUpdateCheck = 1410;
				LastUpgradeCheck = 1410;
				TargetAttributes = {
					473447352948E6C300776BC1 = {
						CreatedOnToolsVersion = 14.1;
					};
				};
			};
			buildConfigurationList = 473447312948E6C300776BC1 /* Build configuration list for PBXProject "CityADSPortal" */;
			compatibilityVersion = "Xcode 14.0";
			developmentRegion = en;
			hasScannedForEncodings = 0;
			knownRegions = (
				en,
				Base,
			);
			mainGroup = 4734472D2948E6C300776BC1;
			productRefGroup = 473447372948E6C300776BC1 /* Products */;
			projectDirPath = "";
			projectRoot = "";
			targets = (
				473447352948E6C300776BC1 /* CityADSPortal */,
			);
		};
/* End PBXProject section */

/* Begin PBXResourcesBuildPhase section */
		473447342948E6C300776BC1 /* Resources */ = {
			isa = PBXResourcesBuildPhase;
			buildActionMask = 2147483647;
			files = (
				473447412948E6C400776BC1 /* Preview Assets.xcassets in Resources */,
				4734473E2948E6C400776BC1 /* Assets.xcassets in Resources */,
			);
			runOnlyForDeploymentPostprocessing = 0;
		};
/* End PBXResourcesBuildPhase section */

/* Begin PBXSourcesBuildPhase section */
		473447322948E6C300776BC1 /* Sources */ = {
			isa = PBXSourcesBuildPhase;
			buildActionMask = 2147483647;
			files = (
				4734473C2948E6C300776BC1 /* ContentView.swift in Sources */,
				4734473A2948E6C300776BC1 /* CityADSPortalApp.swift in Sources */,
				4734475129548A2E00776BC1 /* Network.swift in Sources */,
				4734474D2948E7B100776BC1 /* EmployeeCardScreen.swift in Sources */,
				473447492948E75A00776BC1 /* LoginScreen.swift in Sources */,
				4734474B2948E77500776BC1 /* EmployeesScreen.swift in Sources */,
				473447542958B35B00776BC1 /* MainScreen.swift in Sources */,
			);
			runOnlyForDeploymentPostprocessing = 0;
		};
/* End PBXSourcesBuildPhase section */

/* Begin XCBuildConfiguration section */
		473447422948E6C400776BC1 /* Debug */ = {
			isa = XCBuildConfiguration;
			buildSettings = {
				ALWAYS_SEARCH_USER_PATHS = NO;
				CLANG_ANALYZER_NONNULL = YES;
				CLANG_ANALYZER_NUMBER_OBJECT_CONVERSION = YES_AGGRESSIVE;
				CLANG_CXX_LANGUAGE_STANDARD = "gnu++20";
				CLANG_ENABLE_MODULES = YES;
				CLANG_ENABLE_OBJC_ARC = YES;
				CLANG_ENABLE_OBJC_WEAK = YES;
				CLANG_WARN_BLOCK_CAPTURE_AUTORELEASING = YES;
				CLANG_WARN_BOOL_CONVERSION = YES;
				CLANG_WARN_COMMA = YES;
				CLANG_WARN_CONSTANT_CONVERSION = YES;
				CLANG_WARN_DEPRECATED_OBJC_IMPLEMENTATIONS = YES;
				CLANG_WARN_DIRECT_OBJC_ISA_USAGE = YES_ERROR;
				CLANG_WARN_DOCUMENTATION_COMMENTS = YES;
				CLANG_WARN_EMPTY_BODY = YES;
				CLANG_WARN_ENUM_CONVERSION = YES;
				CLANG_WARN_INFINITE_RECURSION = YES;
				CLANG_WARN_INT_CONVERSION = YES;
				CLANG_WARN_NON_LITERAL_NULL_CONVERSION = YES;
				CLANG_WARN_OBJC_IMPLICIT_RETAIN_SELF = YES;
				CLANG_WARN_OBJC_LITERAL_CONVERSION = YES;
				CLANG_WARN_OBJC_ROOT_CLASS = YES_ERROR;
				CLANG_WARN_QUOTED_INCLUDE_IN_FRAMEWORK_HEADER = YES;
				CLANG_WARN_RANGE_LOOP_ANALYSIS = YES;
				CLANG_WARN_STRICT_PROTOTYPES = YES;
				CLANG_WARN_SUSPICIOUS_MOVE = YES;
				CLANG_WARN_UNGUARDED_AVAILABILITY = YES_AGGRESSIVE;
				CLANG_WARN_UNREACHABLE_CODE = YES;
				CLANG_WARN__DUPLICATE_METHOD_MATCH = YES;
				COPY_PHASE_STRIP = NO;
				DEBUG_INFORMATION_FORMAT = dwarf;
				ENABLE_STRICT_OBJC_MSGSEND = YES;
				ENABLE_TESTABILITY = YES;
				GCC_C_LANGUAGE_STANDARD = gnu11;
				GCC_DYNAMIC_NO_PIC = NO;
				GCC_NO_COMMON_BLOCKS = YES;
				GCC_OPTIMIZATION_LEVEL = 0;
				GCC_PREPROCESSOR_DEFINITIONS = (
					"DEBUG=1",
					"$(inherited)",
				);
				GCC_WARN_64_TO_32_BIT_CONVERSION = YES;
				GCC_WARN_ABOUT_RETURN_TYPE = YES_ERROR;
				GCC_WARN_UNDECLARED_SELECTOR = YES;
				GCC_WARN_UNINITIALIZED_AUTOS = YES_AGGRESSIVE;
				GCC_WARN_UNUSED_FUNCTION = YES;
				GCC_WARN_UNUSED_VARIABLE = YES;
				IPHONEOS_DEPLOYMENT_TARGET = 16.1;
				MTL_ENABLE_DEBUG_INFO = INCLUDE_SOURCE;
				MTL_FAST_MATH = YES;
				ONLY_ACTIVE_ARCH = YES;
				SDKROOT = iphoneos;
				SWIFT_ACTIVE_COMPILATION_CONDITIONS = DEBUG;
				SWIFT_OPTIMIZATION_LEVEL = "-Onone";
			};
			name = Debug;
		};
		473447432948E6C400776BC1 /* Release */ = {
			isa = XCBuildConfiguration;
			buildSettings = {
				ALWAYS_SEARCH_USER_PATHS = NO;
				CLANG_ANALYZER_NONNULL = YES;
				CLANG_ANALYZER_NUMBER_OBJECT_CONVERSION = YES_AGGRESSIVE;
				CLANG_CXX_LANGUAGE_STANDARD = "gnu++20";
				CLANG_ENABLE_MODULES = YES;
				CLANG_ENABLE_OBJC_ARC = YES;
				CLANG_ENABLE_OBJC_WEAK = YES;
				CLANG_WARN_BLOCK_CAPTURE_AUTORELEASING = YES;
				CLANG_WARN_BOOL_CONVERSION = YES;
				CLANG_WARN_COMMA = YES;
				CLANG_WARN_CONSTANT_CONVERSION = YES;
				CLANG_WARN_DEPRECATED_OBJC_IMPLEMENTATIONS = YES;
				CLANG_WARN_DIRECT_OBJC_ISA_USAGE = YES_ERROR;
				CLANG_WARN_DOCUMENTATION_COMMENTS = YES;
				CLANG_WARN_EMPTY_BODY = YES;
				CLANG_WARN_ENUM_CONVERSION = YES;
				CLANG_WARN_INFINITE_RECURSION = YES;
				CLANG_WARN_INT_CONVERSION = YES;
				CLANG_WARN_NON_LITERAL_NULL_CONVERSION = YES;
				CLANG_WARN_OBJC_IMPLICIT_RETAIN_SELF = YES;
				CLANG_WARN_OBJC_LITERAL_CONVERSION = YES;
				CLANG_WARN_OBJC_ROOT_CLASS = YES_ERROR;
				CLANG_WARN_QUOTED_INCLUDE_IN_FRAMEWORK_HEADER = YES;
				CLANG_WARN_RANGE_LOOP_ANALYSIS = YES;
				CLANG_WARN_STRICT_PROTOTYPES = YES;
				CLANG_WARN_SUSPICIOUS_MOVE = YES;
				CLANG_WARN_UNGUARDED_AVAILABILITY = YES_AGGRESSIVE;
				CLANG_WARN_UNREACHABLE_CODE = YES;
				CLANG_WARN__DUPLICATE_METHOD_MATCH = YES;
				COPY_PHASE_STRIP = NO;
				DEBUG_INFORMATION_FORMAT = "dwarf-with-dsym";
				ENABLE_NS_ASSERTIONS = NO;
				ENABLE_STRICT_OBJC_MSGSEND = YES;
				GCC_C_LANGUAGE_STANDARD = gnu11;
				GCC_NO_COMMON_BLOCKS = YES;
				GCC_WARN_64_TO_32_BIT_CONVERSION = YES;
				GCC_WARN_ABOUT_RETURN_TYPE = YES_ERROR;
				GCC_WARN_UNDECLARED_SELECTOR = YES;
				GCC_WARN_UNINITIALIZED_AUTOS = YES_AGGRESSIVE;
				GCC_WARN_UNUSED_FUNCTION = YES;
				GCC_WARN_UNUSED_VARIABLE = YES;
				IPHONEOS_DEPLOYMENT_TARGET = 16.1;
				MTL_ENABLE_DEBUG_INFO = NO;
				MTL_FAST_MATH = YES;
				SDKROOT = iphoneos;
				SWIFT_COMPILATION_MODE = wholemodule;
				SWIFT_OPTIMIZATION_LEVEL = "-O";
				VALIDATE_PRODUCT = YES;
			};
			name = Release;
		};
		473447452948E6C400776BC1 /* Debug */ = {
			isa = XCBuildConfiguration;
			buildSettings = {
				ASSETCATALOG_COMPILER_APPICON_NAME = AppIcon;
				ASSETCATALOG_COMPILER_GLOBAL_ACCENT_COLOR_NAME = AccentColor;
				CODE_SIGN_STYLE = Automatic;
				CURRENT_PROJECT_VERSION = 1;
				DEVELOPMENT_ASSET_PATHS = "\"CityADSPortal/Preview Content\"";
				DEVELOPMENT_TEAM = DG96HB2B9F;
				ENABLE_PREVIEWS = YES;
				GENERATE_INFOPLIST_FILE = YES;
				INFOPLIST_KEY_UIApplicationSceneManifest_Generation = YES;
				INFOPLIST_KEY_UIApplicationSupportsIndirectInputEvents = YES;
				INFOPLIST_KEY_UILaunchScreen_Generation = YES;
				INFOPLIST_KEY_UISupportedInterfaceOrientations_iPad = "UIInterfaceOrientationPortrait UIInterfaceOrientationPortraitUpsideDown UIInterfaceOrientationLandscapeLeft UIInterfaceOrientationLandscapeRight";
				INFOPLIST_KEY_UISupportedInterfaceOrientations_iPhone = "UIInterfaceOrientationPortrait UIInterfaceOrientationLandscapeLeft UIInterfaceOrientationLandscapeRight";
				LD_RUNPATH_SEARCH_PATHS = (
					"$(inherited)",
					"@executable_path/Frameworks",
				);
				MARKETING_VERSION = 1.0;
				PRODUCT_BUNDLE_IDENTIFIER = ChilSoft.CityADSPortal;
				PRODUCT_NAME = "$(TARGET_NAME)";
				SWIFT_EMIT_LOC_STRINGS = YES;
				SWIFT_VERSION = 5.0;
				TARGETED_DEVICE_FAMILY = "1,2";
			};
			name = Debug;
		};
		473447462948E6C400776BC1 /* Release */ = {
			isa = XCBuildConfiguration;
			buildSettings = {
				ASSETCATALOG_COMPILER_APPICON_NAME = AppIcon;
				ASSETCATALOG_COMPILER_GLOBAL_ACCENT_COLOR_NAME = AccentColor;
				CODE_SIGN_STYLE = Automatic;
				CURRENT_PROJECT_VERSION = 1;
				DEVELOPMENT_ASSET_PATHS = "\"CityADSPortal/Preview Content\"";
				DEVELOPMENT_TEAM = DG96HB2B9F;
				ENABLE_PREVIEWS = YES;
				GENERATE_INFOPLIST_FILE = YES;
				INFOPLIST_KEY_UIApplicationSceneManifest_Generation = YES;
				INFOPLIST_KEY_UIApplicationSupportsIndirectInputEvents = YES;
				INFOPLIST_KEY_UILaunchScreen_Generation = YES;
				INFOPLIST_KEY_UISupportedInterfaceOrientations_iPad = "UIInterfaceOrientationPortrait UIInterfaceOrientationPortraitUpsideDown UIInterfaceOrientationLandscapeLeft UIInterfaceOrientationLandscapeRight";
				INFOPLIST_KEY_UISupportedInterfaceOrientations_iPhone = "UIInterfaceOrientationPortrait UIInterfaceOrientationLandscapeLeft UIInterfaceOrientationLandscapeRight";
				LD_RUNPATH_SEARCH_PATHS = (
					"$(inherited)",
					"@executable_path/Frameworks",
				);
				MARKETING_VERSION = 1.0;
				PRODUCT_BUNDLE_IDENTIFIER = ChilSoft.CityADSPortal;
				PRODUCT_NAME = "$(TARGET_NAME)";
				SWIFT_EMIT_LOC_STRINGS = YES;
				SWIFT_VERSION = 5.0;
				TARGETED_DEVICE_FAMILY = "1,2";
			};
			name = Release;
		};
/* End XCBuildConfiguration section */

/* Begin XCConfigurationList section */
		473447312948E6C300776BC1 /* Build configuration list for PBXProject "CityADSPortal" */ = {
			isa = XCConfigurationList;
			buildConfigurations = (
				473447422948E6C400776BC1 /* Debug */,
				473447432948E6C400776BC1 /* Release */,
			);
			defaultConfigurationIsVisible = 0;
			defaultConfigurationName = Release;
		};
		473447442948E6C400776BC1 /* Build configuration list for PBXNativeTarget "CityADSPortal" */ = {
			isa = XCConfigurationList;
			buildConfigurations = (
				473447452948E6C400776BC1 /* Debug */,
				473447462948E6C400776BC1 /* Release */,
			);
			defaultConfigurationIsVisible = 0;
			defaultConfigurationName = Release;
		};
/* End XCConfigurationList section */
	};
	rootObject = 4734472E2948E6C300776BC1 /* Project object */;
}
